
Microsoft Visual Studio Solution File, Format Version 12.00
# Visual Studio Version 17
VisualStudioVersion = 17.11.35327.3
MinimumVisualStudioVersion = 10.0.40219.1
Project("{9A19103F-16F7-4668-BE54-9A1E7A4F7556}") = "Tharga.Crawler", "Tharga.Crawler\Tharga.Crawler.csproj", "{F534D919-DDE0-448C-8F23-D4A851786BDA}"
EndProject
Project("{9A19103F-16F7-4668-BE54-9A1E7A4F7556}") = "Tharga.Crawler.Tests", "Tharga.Crawler.Tests\Tharga.Crawler.Tests.csproj", "{C09E0867-BBC7-442A-B107-E85CA1818B01}"
EndProject
Project("{2150E333-8FDC-42A3-9474-1A3956D46DE8}") = "Solution Items", "Solution Items", "{A71FB6BE-1C62-4AB5-93AA-3E488721392A}"
	ProjectSection(SolutionItems) = preProject
		.gitignore = .gitignore
		azure-pipelines.yml = azure-pipelines.yml
		LICENSE = LICENSE
		README.md = README.md
	EndProjectSection
EndProject
Project("{2150E333-8FDC-42A3-9474-1A3956D46DE8}") = "Sample", "Sample", "{600C0ED2-DB71-4234-B99B-C70F2ABA2941}"
EndProject
Project("{FAE04EC0-301F-11D3-BF4B-00C04F79EFBC}") = "Tharga.Crawler.SampleConsole", "Sample\Tharga.Crawler.SampleConsole\Tharga.Crawler.SampleConsole.csproj", "{F7CAD6B3-21BD-4D04-8226-C8EBCDA045EA}"
EndProject
Global
	GlobalSection(SolutionConfigurationPlatforms) = preSolution
		Debug|Any CPU = Debug|Any CPU
		Release|Any CPU = Release|Any CPU
	EndGlobalSection
	GlobalSection(ProjectConfigurationPlatforms) = postSolution
		{F534D919-DDE0-448C-8F23-D4A851786BDA}.Debug|Any CPU.ActiveCfg = Debug|Any CPU
		{F534D919-DDE0-448C-8F23-D4A851786BDA}.Debug|Any CPU.Build.0 = Debug|Any CPU
		{F534D919-DDE0-448C-8F23-D4A851786BDA}.Release|Any CPU.ActiveCfg = Release|Any CPU
		{F534D919-DDE0-448C-8F23-D4A851786BDA}.Release|Any CPU.Build.0 = Release|Any CPU
		{C09E0867-BBC7-442A-B107-E85CA1818B01}.Debug|Any CPU.ActiveCfg = Debug|Any CPU
		{C09E0867-BBC7-442A-B107-E85CA1818B01}.Debug|Any CPU.Build.0 = Debug|Any CPU
		{C09E0867-BBC7-442A-B107-E85CA1818B01}.Release|Any CPU.ActiveCfg = Release|Any CPU
		{C09E0867-BBC7-442A-B107-E85CA1818B01}.Release|Any CPU.Build.0 = Release|Any CPU
		{F7CAD6B3-21BD-4D04-8226-C8EBCDA045EA}.Debug|Any CPU.ActiveCfg = Debug|Any CPU
		{F7CAD6B3-21BD-4D04-8226-C8EBCDA045EA}.Debug|Any CPU.Build.0 = Debug|Any CPU
		{F7CAD6B3-21BD-4D04-8226-C8EBCDA045EA}.Release|Any CPU.ActiveCfg = Release|Any CPU
		{F7CAD6B3-21BD-4D04-8226-C8EBCDA045EA}.Release|Any CPU.Build.0 = Release|Any CPU
	EndGlobalSection
	GlobalSection(SolutionProperties) = preSolution
		HideSolutionNode = FALSE
	EndGlobalSection
	GlobalSection(NestedProjects) = preSolution
		{F7CAD6B3-21BD-4D04-8226-C8EBCDA045EA} = {600C0ED2-DB71-4234-B99B-C70F2ABA2941}
	EndGlobalSection
	GlobalSection(ExtensibilityGlobals) = postSolution
		SolutionGuid = {B57ABD60-666D-4089-935D-455DCE89DE47}
	EndGlobalSection
EndGlobal
